
Microsoft Visual Studio Solution File, Format Version 12.00
# Visual Studio 15
VisualStudioVersion = 15.0.27703.2042
MinimumVisualStudioVersion = 10.0.40219.1
Project("{FAE04EC0-301F-11D3-BF4B-00C04F79EFBC}") = "shadowsocks-uwp", "shadowsocks-uwp\shadowsocks-uwp.csproj", "{6E72558D-2E69-4BE4-80C4-A60A7A67F0C2}"
EndProject
Project("{FAE04EC0-301F-11D3-BF4B-00C04F79EFBC}") = "ShadowsocksBG", "ShadowsocksBG\ShadowsocksBG.csproj", "{17FA7349-B253-476B-96FA-45C44468090B}"
EndProject
Project("{8BC9CEB8-8B4A-11D0-8D11-00A0C91BC942}") = "wintun2socks", "Wintun2socks\wintun2socks.vcxproj", "{D782A42F-F6FE-41C8-801B-4876E9E493F8}"
EndProject
Global
	GlobalSection(SolutionConfigurationPlatforms) = preSolution
		Debug|Any CPU = Debug|Any CPU
		Debug|ARM = Debug|ARM
		Debug|x64 = Debug|x64
		Debug|x86 = Debug|x86
		Release|Any CPU = Release|Any CPU
		Release|ARM = Release|ARM
		Release|x64 = Release|x64
		Release|x86 = Release|x86
	EndGlobalSection
	GlobalSection(ProjectConfigurationPlatforms) = postSolution
		{6E72558D-2E69-4BE4-80C4-A60A7A67F0C2}.Debug|Any CPU.ActiveCfg = Debug|x86
		{6E72558D-2E69-4BE4-80C4-A60A7A67F0C2}.Debug|ARM.ActiveCfg = Debug|ARM
		{6E72558D-2E69-4BE4-80C4-A60A7A67F0C2}.Debug|ARM.Build.0 = Debug|ARM
		{6E72558D-2E69-4BE4-80C4-A60A7A67F0C2}.Debug|ARM.Deploy.0 = Debug|ARM
		{6E72558D-2E69-4BE4-80C4-A60A7A67F0C2}.Debug|x64.ActiveCfg = Debug|x64
		{6E72558D-2E69-4BE4-80C4-A60A7A67F0C2}.Debug|x64.Build.0 = Debug|x64
		{6E72558D-2E69-4BE4-80C4-A60A7A67F0C2}.Debug|x64.Deploy.0 = Debug|x64
		{6E72558D-2E69-4BE4-80C4-A60A7A67F0C2}.Debug|x86.ActiveCfg = Debug|x86
		{6E72558D-2E69-4BE4-80C4-A60A7A67F0C2}.Debug|x86.Build.0 = Debug|x86
		{6E72558D-2E69-4BE4-80C4-A60A7A67F0C2}.Debug|x86.Deploy.0 = Debug|x86
		{6E72558D-2E69-4BE4-80C4-A60A7A67F0C2}.Release|Any CPU.ActiveCfg = Release|x86
		{6E72558D-2E69-4BE4-80C4-A60A7A67F0C2}.Release|ARM.ActiveCfg = Release|ARM
		{6E72558D-2E69-4BE4-80C4-A60A7A67F0C2}.Release|ARM.Build.0 = Release|ARM
		{6E72558D-2E69-4BE4-80C4-A60A7A67F0C2}.Release|ARM.Deploy.0 = Release|ARM
		{6E72558D-2E69-4BE4-80C4-A60A7A67F0C2}.Release|x64.ActiveCfg = Release|x64
		{6E72558D-2E69-4BE4-80C4-A60A7A67F0C2}.Release|x64.Build.0 = Release|x64
		{6E72558D-2E69-4BE4-80C4-A60A7A67F0C2}.Release|x64.Deploy.0 = Release|x64
		{6E72558D-2E69-4BE4-80C4-A60A7A67F0C2}.Release|x86.ActiveCfg = Release|x86
		{6E72558D-2E69-4BE4-80C4-A60A7A67F0C2}.Release|x86.Build.0 = Release|x86
		{6E72558D-2E69-4BE4-80C4-A60A7A67F0C2}.Release|x86.Deploy.0 = Release|x86
		{17FA7349-B253-476B-96FA-45C44468090B}.Debug|Any CPU.ActiveCfg = Debug|Any CPU
		{17FA7349-B253-476B-96FA-45C44468090B}.Debug|Any CPU.Build.0 = Debug|Any CPU
		{17FA7349-B253-476B-96FA-45C44468090B}.Debug|ARM.ActiveCfg = Debug|ARM
		{17FA7349-B253-476B-96FA-45C44468090B}.Debug|ARM.Build.0 = Debug|ARM
		{17FA7349-B253-476B-96FA-45C44468090B}.Debug|x64.ActiveCfg = Debug|x64
		{17FA7349-B253-476B-96FA-45C44468090B}.Debug|x64.Build.0 = Debug|x64
		{17FA7349-B253-476B-96FA-45C44468090B}.Debug|x86.ActiveCfg = Debug|x86
		{17FA7349-B253-476B-96FA-45C44468090B}.Debug|x86.Build.0 = Debug|x86
		{17FA7349-B253-476B-96FA-45C44468090B}.Release|Any CPU.ActiveCfg = Release|Any CPU
		{17FA7349-B253-476B-96FA-45C44468090B}.Release|Any CPU.Build.0 = Release|Any CPU
		{17FA7349-B253-476B-96FA-45C44468090B}.Release|ARM.ActiveCfg = Release|ARM
		{17FA7349-B253-476B-96FA-45C44468090B}.Release|ARM.Build.0 = Release|ARM
		{17FA7349-B253-476B-96FA-45C44468090B}.Release|x64.ActiveCfg = Release|x64
		{17FA7349-B253-476B-96FA-45C44468090B}.Release|x64.Build.0 = Release|x64
		{17FA7349-B253-476B-96FA-45C44468090B}.Release|x86.ActiveCfg = Release|x86
		{17FA7349-B253-476B-96FA-45C44468090B}.Release|x86.Build.0 = Release|x86
		{D782A42F-F6FE-41C8-801B-4876E9E493F8}.Debug|Any CPU.ActiveCfg = Debug|Win32
		{D782A42F-F6FE-41C8-801B-4876E9E493F8}.Debug|ARM.ActiveCfg = Debug|ARM
		{D782A42F-F6FE-41C8-801B-4876E9E493F8}.Debug|ARM.Build.0 = Debug|ARM
		{D782A42F-F6FE-41C8-801B-4876E9E493F8}.Debug|x64.ActiveCfg = Debug|x64
		{D782A42F-F6FE-41C8-801B-4876E9E493F8}.Debug|x64.Build.0 = Debug|x64
		{D782A42F-F6FE-41C8-801B-4876E9E493F8}.Debug|x86.ActiveCfg = Debug|Win32
		{D782A42F-F6FE-41C8-801B-4876E9E493F8}.Debug|x86.Build.0 = Debug|Win32
		{D782A42F-F6FE-41C8-801B-4876E9E493F8}.Release|Any CPU.ActiveCfg = Release|Win32
		{D782A42F-F6FE-41C8-801B-4876E9E493F8}.Release|ARM.ActiveCfg = Release|ARM
		{D782A42F-F6FE-41C8-801B-4876E9E493F8}.Release|ARM.Build.0 = Release|ARM
		{D782A42F-F6FE-41C8-801B-4876E9E493F8}.Release|x64.ActiveCfg = Release|x64
		{D782A42F-F6FE-41C8-801B-4876E9E493F8}.Release|x64.Build.0 = Release|x64
		{D782A42F-F6FE-41C8-801B-4876E9E493F8}.Release|x86.ActiveCfg = Release|Win32
		{D782A42F-F6FE-41C8-801B-4876E9E493F8}.Release|x86.Build.0 = Release|Win32
	EndGlobalSection
	GlobalSection(SolutionProperties) = preSolution
		HideSolutionNode = FALSE
	EndGlobalSection
	GlobalSection(ExtensibilityGlobals) = postSolution
		SolutionGuid = {7607CCE0-F608-4B86-A41D-10FE15390E1F}
	EndGlobalSection
EndGlobal
