
Microsoft Visual Studio Solution File, Format Version 12.00
# Visual Studio 15
VisualStudioVersion = 15.0.28010.2036
MinimumVisualStudioVersion = 10.0.40219.1
Project("{FAE04EC0-301F-11D3-BF4B-00C04F79EFBC}") = "ShadowsocksUWP", "ShadowsocksUWP\ShadowsocksUWP.csproj", "{6E72558D-2E69-4BE4-80C4-A60A7A67F0C2}"
EndProject
Project("{FAE04EC0-301F-11D3-BF4B-00C04F79EFBC}") = "ShadowsocksBG", "ShadowsocksBG\ShadowsocksBG.csproj", "{17FA7349-B253-476B-96FA-45C44468090B}"
EndProject
Project("{8BC9CEB8-8B4A-11D0-8D11-00A0C91BC942}") = "base", "Tun2SocksWinRT\base\base.vcxproj", "{07A7290A-89D7-4EBC-A42D-64DE418AE31F}"
EndProject
Project("{8BC9CEB8-8B4A-11D0-8D11-00A0C91BC942}") = "system", "Tun2SocksWinRT\system\system.vcxproj", "{FA4D3258-4D57-45F8-BD45-8DA1BB235E12}"
	ProjectSection(ProjectDependencies) = postProject
		{07A7290A-89D7-4EBC-A42D-64DE418AE31F} = {07A7290A-89D7-4EBC-A42D-64DE418AE31F}
		{75F53E34-645E-4D9A-A52E-118B5361B351} = {75F53E34-645E-4D9A-A52E-118B5361B351}
	EndProjectSection
EndProject
Project("{8BC9CEB8-8B4A-11D0-8D11-00A0C91BC942}") = "flow", "Tun2SocksWinRT\flow\flow.vcxproj", "{75F53E34-645E-4D9A-A52E-118B5361B351}"
	ProjectSection(ProjectDependencies) = postProject
		{07A7290A-89D7-4EBC-A42D-64DE418AE31F} = {07A7290A-89D7-4EBC-A42D-64DE418AE31F}
	EndProjectSection
EndProject
Project("{8BC9CEB8-8B4A-11D0-8D11-00A0C91BC942}") = "lwip", "Tun2SocksWinRT\lwip\lwip.vcxproj", "{58CB67C2-D09D-4CA1-92EA-3676120F6BDE}"
	ProjectSection(ProjectDependencies) = postProject
		{07A7290A-89D7-4EBC-A42D-64DE418AE31F} = {07A7290A-89D7-4EBC-A42D-64DE418AE31F}
		{75F53E34-645E-4D9A-A52E-118B5361B351} = {75F53E34-645E-4D9A-A52E-118B5361B351}
		{FA4D3258-4D57-45F8-BD45-8DA1BB235E12} = {FA4D3258-4D57-45F8-BD45-8DA1BB235E12}
	EndProjectSection
EndProject
Project("{8BC9CEB8-8B4A-11D0-8D11-00A0C91BC942}") = "flowextra", "Tun2SocksWinRT\flowextra\flowextra.vcxproj", "{D1E6438B-285E-420C-9AAD-77277668D5EC}"
	ProjectSection(ProjectDependencies) = postProject
		{07A7290A-89D7-4EBC-A42D-64DE418AE31F} = {07A7290A-89D7-4EBC-A42D-64DE418AE31F}
		{75F53E34-645E-4D9A-A52E-118B5361B351} = {75F53E34-645E-4D9A-A52E-118B5361B351}
		{FA4D3258-4D57-45F8-BD45-8DA1BB235E12} = {FA4D3258-4D57-45F8-BD45-8DA1BB235E12}
	EndProjectSection
EndProject
Project("{8BC9CEB8-8B4A-11D0-8D11-00A0C91BC942}") = "udpgw_client", "Tun2SocksWinRT\udpgw_client\udpgw_client.vcxproj", "{A6EAEACB-A335-4173-95C8-38CAFE897429}"
	ProjectSection(ProjectDependencies) = postProject
		{07A7290A-89D7-4EBC-A42D-64DE418AE31F} = {07A7290A-89D7-4EBC-A42D-64DE418AE31F}
		{75F53E34-645E-4D9A-A52E-118B5361B351} = {75F53E34-645E-4D9A-A52E-118B5361B351}
		{FA4D3258-4D57-45F8-BD45-8DA1BB235E12} = {FA4D3258-4D57-45F8-BD45-8DA1BB235E12}
		{75089073-F04C-433B-B58C-C1E8F23CA1DC} = {75089073-F04C-433B-B58C-C1E8F23CA1DC}
		{D1E6438B-285E-420C-9AAD-77277668D5EC} = {D1E6438B-285E-420C-9AAD-77277668D5EC}
	EndProjectSection
EndProject
Project("{8BC9CEB8-8B4A-11D0-8D11-00A0C91BC942}") = "cryptoman", "Tun2SocksWinRT\cryptoman\cryptoman.vcxproj", "{75089073-F04C-433B-B58C-C1E8F23CA1DC}"
EndProject
Project("{8BC9CEB8-8B4A-11D0-8D11-00A0C91BC942}") = "socksclient", "Tun2SocksWinRT\socksclient\socksclient.vcxproj", "{1752165B-9B46-4EDE-AC15-5B55BC1E1D2C}"
	ProjectSection(ProjectDependencies) = postProject
		{07A7290A-89D7-4EBC-A42D-64DE418AE31F} = {07A7290A-89D7-4EBC-A42D-64DE418AE31F}
		{75F53E34-645E-4D9A-A52E-118B5361B351} = {75F53E34-645E-4D9A-A52E-118B5361B351}
		{FA4D3258-4D57-45F8-BD45-8DA1BB235E12} = {FA4D3258-4D57-45F8-BD45-8DA1BB235E12}
		{75089073-F04C-433B-B58C-C1E8F23CA1DC} = {75089073-F04C-433B-B58C-C1E8F23CA1DC}
		{D1E6438B-285E-420C-9AAD-77277668D5EC} = {D1E6438B-285E-420C-9AAD-77277668D5EC}
	EndProjectSection
EndProject
Project("{8BC9CEB8-8B4A-11D0-8D11-00A0C91BC942}") = "tun2socks", "Tun2SocksWinRT\tun2socks\tun2socks.vcxproj", "{A0D179EE-5660-4B1B-B8E0-CF23ED8AFD13}"
	ProjectSection(ProjectDependencies) = postProject
		{07A7290A-89D7-4EBC-A42D-64DE418AE31F} = {07A7290A-89D7-4EBC-A42D-64DE418AE31F}
		{75F53E34-645E-4D9A-A52E-118B5361B351} = {75F53E34-645E-4D9A-A52E-118B5361B351}
		{FA4D3258-4D57-45F8-BD45-8DA1BB235E12} = {FA4D3258-4D57-45F8-BD45-8DA1BB235E12}
		{1752165B-9B46-4EDE-AC15-5B55BC1E1D2C} = {1752165B-9B46-4EDE-AC15-5B55BC1E1D2C}
		{D1E6438B-285E-420C-9AAD-77277668D5EC} = {D1E6438B-285E-420C-9AAD-77277668D5EC}
		{58CB67C2-D09D-4CA1-92EA-3676120F6BDE} = {58CB67C2-D09D-4CA1-92EA-3676120F6BDE}
		{A6EAEACB-A335-4173-95C8-38CAFE897429} = {A6EAEACB-A335-4173-95C8-38CAFE897429}
	EndProjectSection
EndProject
Project("{8BC9CEB8-8B4A-11D0-8D11-00A0C91BC942}") = "Tun2SocksWinRT", "Tun2SocksWinRT\Tun2SocksWinRT\Tun2SocksWinRT.vcxproj", "{5800DA9E-4EB4-425C-A563-098029964D33}"
	ProjectSection(ProjectDependencies) = postProject
		{07A7290A-89D7-4EBC-A42D-64DE418AE31F} = {07A7290A-89D7-4EBC-A42D-64DE418AE31F}
		{75F53E34-645E-4D9A-A52E-118B5361B351} = {75F53E34-645E-4D9A-A52E-118B5361B351}
		{FA4D3258-4D57-45F8-BD45-8DA1BB235E12} = {FA4D3258-4D57-45F8-BD45-8DA1BB235E12}
		{1752165B-9B46-4EDE-AC15-5B55BC1E1D2C} = {1752165B-9B46-4EDE-AC15-5B55BC1E1D2C}
		{75089073-F04C-433B-B58C-C1E8F23CA1DC} = {75089073-F04C-433B-B58C-C1E8F23CA1DC}
		{D1E6438B-285E-420C-9AAD-77277668D5EC} = {D1E6438B-285E-420C-9AAD-77277668D5EC}
		{58CB67C2-D09D-4CA1-92EA-3676120F6BDE} = {58CB67C2-D09D-4CA1-92EA-3676120F6BDE}
		{A6EAEACB-A335-4173-95C8-38CAFE897429} = {A6EAEACB-A335-4173-95C8-38CAFE897429}
		{A0D179EE-5660-4B1B-B8E0-CF23ED8AFD13} = {A0D179EE-5660-4B1B-B8E0-CF23ED8AFD13}
	EndProjectSection
EndProject
Global
	GlobalSection(SolutionConfigurationPlatforms) = preSolution
		Debug|Any CPU = Debug|Any CPU
		Debug|ARM = Debug|ARM
		Debug|x64 = Debug|x64
		Debug|x86 = Debug|x86
		Release|Any CPU = Release|Any CPU
		Release|ARM = Release|ARM
		Release|x64 = Release|x64
		Release|x86 = Release|x86
	EndGlobalSection
	GlobalSection(ProjectConfigurationPlatforms) = postSolution
		{6E72558D-2E69-4BE4-80C4-A60A7A67F0C2}.Debug|Any CPU.ActiveCfg = Debug|x86
		{6E72558D-2E69-4BE4-80C4-A60A7A67F0C2}.Debug|ARM.ActiveCfg = Debug|ARM
		{6E72558D-2E69-4BE4-80C4-A60A7A67F0C2}.Debug|ARM.Build.0 = Debug|ARM
		{6E72558D-2E69-4BE4-80C4-A60A7A67F0C2}.Debug|ARM.Deploy.0 = Debug|ARM
		{6E72558D-2E69-4BE4-80C4-A60A7A67F0C2}.Debug|x64.ActiveCfg = Debug|x64
		{6E72558D-2E69-4BE4-80C4-A60A7A67F0C2}.Debug|x64.Build.0 = Debug|x64
		{6E72558D-2E69-4BE4-80C4-A60A7A67F0C2}.Debug|x64.Deploy.0 = Debug|x64
		{6E72558D-2E69-4BE4-80C4-A60A7A67F0C2}.Debug|x86.ActiveCfg = Debug|x86
		{6E72558D-2E69-4BE4-80C4-A60A7A67F0C2}.Debug|x86.Build.0 = Debug|x86
		{6E72558D-2E69-4BE4-80C4-A60A7A67F0C2}.Debug|x86.Deploy.0 = Debug|x86
		{6E72558D-2E69-4BE4-80C4-A60A7A67F0C2}.Release|Any CPU.ActiveCfg = Debug|x86
		{6E72558D-2E69-4BE4-80C4-A60A7A67F0C2}.Release|ARM.ActiveCfg = Release|ARM
		{6E72558D-2E69-4BE4-80C4-A60A7A67F0C2}.Release|ARM.Build.0 = Release|ARM
		{6E72558D-2E69-4BE4-80C4-A60A7A67F0C2}.Release|ARM.Deploy.0 = Release|ARM
		{6E72558D-2E69-4BE4-80C4-A60A7A67F0C2}.Release|x64.ActiveCfg = Release|x64
		{6E72558D-2E69-4BE4-80C4-A60A7A67F0C2}.Release|x64.Build.0 = Release|x64
		{6E72558D-2E69-4BE4-80C4-A60A7A67F0C2}.Release|x64.Deploy.0 = Release|x64
		{6E72558D-2E69-4BE4-80C4-A60A7A67F0C2}.Release|x86.ActiveCfg = Release|x86
		{6E72558D-2E69-4BE4-80C4-A60A7A67F0C2}.Release|x86.Build.0 = Release|x86
		{6E72558D-2E69-4BE4-80C4-A60A7A67F0C2}.Release|x86.Deploy.0 = Release|x86
		{17FA7349-B253-476B-96FA-45C44468090B}.Debug|Any CPU.ActiveCfg = Debug|Any CPU
		{17FA7349-B253-476B-96FA-45C44468090B}.Debug|Any CPU.Build.0 = Debug|Any CPU
		{17FA7349-B253-476B-96FA-45C44468090B}.Debug|ARM.ActiveCfg = Debug|ARM
		{17FA7349-B253-476B-96FA-45C44468090B}.Debug|ARM.Build.0 = Debug|ARM
		{17FA7349-B253-476B-96FA-45C44468090B}.Debug|x64.ActiveCfg = Debug|x64
		{17FA7349-B253-476B-96FA-45C44468090B}.Debug|x64.Build.0 = Debug|x64
		{17FA7349-B253-476B-96FA-45C44468090B}.Debug|x86.ActiveCfg = Debug|x86
		{17FA7349-B253-476B-96FA-45C44468090B}.Debug|x86.Build.0 = Debug|x86
		{17FA7349-B253-476B-96FA-45C44468090B}.Release|Any CPU.ActiveCfg = Release|Any CPU
		{17FA7349-B253-476B-96FA-45C44468090B}.Release|Any CPU.Build.0 = Release|Any CPU
		{17FA7349-B253-476B-96FA-45C44468090B}.Release|ARM.ActiveCfg = Release|ARM
		{17FA7349-B253-476B-96FA-45C44468090B}.Release|ARM.Build.0 = Release|ARM
		{17FA7349-B253-476B-96FA-45C44468090B}.Release|x64.ActiveCfg = Release|x64
		{17FA7349-B253-476B-96FA-45C44468090B}.Release|x64.Build.0 = Release|x64
		{17FA7349-B253-476B-96FA-45C44468090B}.Release|x86.ActiveCfg = Release|x86
		{17FA7349-B253-476B-96FA-45C44468090B}.Release|x86.Build.0 = Release|x86
		{07A7290A-89D7-4EBC-A42D-64DE418AE31F}.Debug|Any CPU.ActiveCfg = Debug|Win32
		{07A7290A-89D7-4EBC-A42D-64DE418AE31F}.Debug|ARM.ActiveCfg = Debug|ARM
		{07A7290A-89D7-4EBC-A42D-64DE418AE31F}.Debug|ARM.Build.0 = Debug|ARM
		{07A7290A-89D7-4EBC-A42D-64DE418AE31F}.Debug|x64.ActiveCfg = Debug|x64
		{07A7290A-89D7-4EBC-A42D-64DE418AE31F}.Debug|x64.Build.0 = Debug|x64
		{07A7290A-89D7-4EBC-A42D-64DE418AE31F}.Debug|x86.ActiveCfg = Debug|Win32
		{07A7290A-89D7-4EBC-A42D-64DE418AE31F}.Debug|x86.Build.0 = Debug|Win32
		{07A7290A-89D7-4EBC-A42D-64DE418AE31F}.Release|Any CPU.ActiveCfg = Debug|Win32
		{07A7290A-89D7-4EBC-A42D-64DE418AE31F}.Release|ARM.ActiveCfg = Release|ARM
		{07A7290A-89D7-4EBC-A42D-64DE418AE31F}.Release|ARM.Build.0 = Release|ARM
		{07A7290A-89D7-4EBC-A42D-64DE418AE31F}.Release|x64.ActiveCfg = Release|x64
		{07A7290A-89D7-4EBC-A42D-64DE418AE31F}.Release|x64.Build.0 = Release|x64
		{07A7290A-89D7-4EBC-A42D-64DE418AE31F}.Release|x86.ActiveCfg = Release|Win32
		{07A7290A-89D7-4EBC-A42D-64DE418AE31F}.Release|x86.Build.0 = Release|Win32
		{FA4D3258-4D57-45F8-BD45-8DA1BB235E12}.Debug|Any CPU.ActiveCfg = Debug|Win32
		{FA4D3258-4D57-45F8-BD45-8DA1BB235E12}.Debug|ARM.ActiveCfg = Debug|ARM
		{FA4D3258-4D57-45F8-BD45-8DA1BB235E12}.Debug|ARM.Build.0 = Debug|ARM
		{FA4D3258-4D57-45F8-BD45-8DA1BB235E12}.Debug|x64.ActiveCfg = Debug|x64
		{FA4D3258-4D57-45F8-BD45-8DA1BB235E12}.Debug|x64.Build.0 = Debug|x64
		{FA4D3258-4D57-45F8-BD45-8DA1BB235E12}.Debug|x86.ActiveCfg = Debug|Win32
		{FA4D3258-4D57-45F8-BD45-8DA1BB235E12}.Debug|x86.Build.0 = Debug|Win32
		{FA4D3258-4D57-45F8-BD45-8DA1BB235E12}.Release|Any CPU.ActiveCfg = Debug|Win32
		{FA4D3258-4D57-45F8-BD45-8DA1BB235E12}.Release|ARM.ActiveCfg = Release|ARM
		{FA4D3258-4D57-45F8-BD45-8DA1BB235E12}.Release|ARM.Build.0 = Release|ARM
		{FA4D3258-4D57-45F8-BD45-8DA1BB235E12}.Release|x64.ActiveCfg = Release|x64
		{FA4D3258-4D57-45F8-BD45-8DA1BB235E12}.Release|x64.Build.0 = Release|x64
		{FA4D3258-4D57-45F8-BD45-8DA1BB235E12}.Release|x86.ActiveCfg = Release|Win32
		{FA4D3258-4D57-45F8-BD45-8DA1BB235E12}.Release|x86.Build.0 = Release|Win32
		{75F53E34-645E-4D9A-A52E-118B5361B351}.Debug|Any CPU.ActiveCfg = Debug|Win32
		{75F53E34-645E-4D9A-A52E-118B5361B351}.Debug|ARM.ActiveCfg = Debug|ARM
		{75F53E34-645E-4D9A-A52E-118B5361B351}.Debug|ARM.Build.0 = Debug|ARM
		{75F53E34-645E-4D9A-A52E-118B5361B351}.Debug|x64.ActiveCfg = Debug|x64
		{75F53E34-645E-4D9A-A52E-118B5361B351}.Debug|x64.Build.0 = Debug|x64
		{75F53E34-645E-4D9A-A52E-118B5361B351}.Debug|x86.ActiveCfg = Debug|Win32
		{75F53E34-645E-4D9A-A52E-118B5361B351}.Debug|x86.Build.0 = Debug|Win32
		{75F53E34-645E-4D9A-A52E-118B5361B351}.Release|Any CPU.ActiveCfg = Debug|Win32
		{75F53E34-645E-4D9A-A52E-118B5361B351}.Release|ARM.ActiveCfg = Release|ARM
		{75F53E34-645E-4D9A-A52E-118B5361B351}.Release|ARM.Build.0 = Release|ARM
		{75F53E34-645E-4D9A-A52E-118B5361B351}.Release|x64.ActiveCfg = Release|x64
		{75F53E34-645E-4D9A-A52E-118B5361B351}.Release|x64.Build.0 = Release|x64
		{75F53E34-645E-4D9A-A52E-118B5361B351}.Release|x86.ActiveCfg = Release|Win32
		{75F53E34-645E-4D9A-A52E-118B5361B351}.Release|x86.Build.0 = Release|Win32
		{58CB67C2-D09D-4CA1-92EA-3676120F6BDE}.Debug|Any CPU.ActiveCfg = Debug|Win32
		{58CB67C2-D09D-4CA1-92EA-3676120F6BDE}.Debug|ARM.ActiveCfg = Debug|ARM
		{58CB67C2-D09D-4CA1-92EA-3676120F6BDE}.Debug|ARM.Build.0 = Debug|ARM
		{58CB67C2-D09D-4CA1-92EA-3676120F6BDE}.Debug|x64.ActiveCfg = Debug|x64
		{58CB67C2-D09D-4CA1-92EA-3676120F6BDE}.Debug|x64.Build.0 = Debug|x64
		{58CB67C2-D09D-4CA1-92EA-3676120F6BDE}.Debug|x86.ActiveCfg = Debug|Win32
		{58CB67C2-D09D-4CA1-92EA-3676120F6BDE}.Debug|x86.Build.0 = Debug|Win32
		{58CB67C2-D09D-4CA1-92EA-3676120F6BDE}.Release|Any CPU.ActiveCfg = Debug|Win32
		{58CB67C2-D09D-4CA1-92EA-3676120F6BDE}.Release|ARM.ActiveCfg = Release|ARM
		{58CB67C2-D09D-4CA1-92EA-3676120F6BDE}.Release|ARM.Build.0 = Release|ARM
		{58CB67C2-D09D-4CA1-92EA-3676120F6BDE}.Release|x64.ActiveCfg = Release|x64
		{58CB67C2-D09D-4CA1-92EA-3676120F6BDE}.Release|x64.Build.0 = Release|x64
		{58CB67C2-D09D-4CA1-92EA-3676120F6BDE}.Release|x86.ActiveCfg = Release|Win32
		{58CB67C2-D09D-4CA1-92EA-3676120F6BDE}.Release|x86.Build.0 = Release|Win32
		{D1E6438B-285E-420C-9AAD-77277668D5EC}.Debug|Any CPU.ActiveCfg = Debug|Win32
		{D1E6438B-285E-420C-9AAD-77277668D5EC}.Debug|ARM.ActiveCfg = Debug|ARM
		{D1E6438B-285E-420C-9AAD-77277668D5EC}.Debug|ARM.Build.0 = Debug|ARM
		{D1E6438B-285E-420C-9AAD-77277668D5EC}.Debug|x64.ActiveCfg = Debug|x64
		{D1E6438B-285E-420C-9AAD-77277668D5EC}.Debug|x64.Build.0 = Debug|x64
		{D1E6438B-285E-420C-9AAD-77277668D5EC}.Debug|x86.ActiveCfg = Debug|Win32
		{D1E6438B-285E-420C-9AAD-77277668D5EC}.Debug|x86.Build.0 = Debug|Win32
		{D1E6438B-285E-420C-9AAD-77277668D5EC}.Release|Any CPU.ActiveCfg = Debug|Win32
		{D1E6438B-285E-420C-9AAD-77277668D5EC}.Release|ARM.ActiveCfg = Release|ARM
		{D1E6438B-285E-420C-9AAD-77277668D5EC}.Release|ARM.Build.0 = Release|ARM
		{D1E6438B-285E-420C-9AAD-77277668D5EC}.Release|x64.ActiveCfg = Release|x64
		{D1E6438B-285E-420C-9AAD-77277668D5EC}.Release|x64.Build.0 = Release|x64
		{D1E6438B-285E-420C-9AAD-77277668D5EC}.Release|x86.ActiveCfg = Release|Win32
		{D1E6438B-285E-420C-9AAD-77277668D5EC}.Release|x86.Build.0 = Release|Win32
		{A6EAEACB-A335-4173-95C8-38CAFE897429}.Debug|Any CPU.ActiveCfg = Debug|Win32
		{A6EAEACB-A335-4173-95C8-38CAFE897429}.Debug|ARM.ActiveCfg = Debug|ARM
		{A6EAEACB-A335-4173-95C8-38CAFE897429}.Debug|ARM.Build.0 = Debug|ARM
		{A6EAEACB-A335-4173-95C8-38CAFE897429}.Debug|x64.ActiveCfg = Debug|x64
		{A6EAEACB-A335-4173-95C8-38CAFE897429}.Debug|x64.Build.0 = Debug|x64
		{A6EAEACB-A335-4173-95C8-38CAFE897429}.Debug|x86.ActiveCfg = Debug|Win32
		{A6EAEACB-A335-4173-95C8-38CAFE897429}.Debug|x86.Build.0 = Debug|Win32
		{A6EAEACB-A335-4173-95C8-38CAFE897429}.Release|Any CPU.ActiveCfg = Debug|Win32
		{A6EAEACB-A335-4173-95C8-38CAFE897429}.Release|ARM.ActiveCfg = Release|ARM
		{A6EAEACB-A335-4173-95C8-38CAFE897429}.Release|ARM.Build.0 = Release|ARM
		{A6EAEACB-A335-4173-95C8-38CAFE897429}.Release|x64.ActiveCfg = Release|x64
		{A6EAEACB-A335-4173-95C8-38CAFE897429}.Release|x64.Build.0 = Release|x64
		{A6EAEACB-A335-4173-95C8-38CAFE897429}.Release|x86.ActiveCfg = Release|Win32
		{A6EAEACB-A335-4173-95C8-38CAFE897429}.Release|x86.Build.0 = Release|Win32
		{75089073-F04C-433B-B58C-C1E8F23CA1DC}.Debug|Any CPU.ActiveCfg = Debug|Win32
		{75089073-F04C-433B-B58C-C1E8F23CA1DC}.Debug|ARM.ActiveCfg = Debug|ARM
		{75089073-F04C-433B-B58C-C1E8F23CA1DC}.Debug|ARM.Build.0 = Debug|ARM
		{75089073-F04C-433B-B58C-C1E8F23CA1DC}.Debug|x64.ActiveCfg = Debug|x64
		{75089073-F04C-433B-B58C-C1E8F23CA1DC}.Debug|x64.Build.0 = Debug|x64
		{75089073-F04C-433B-B58C-C1E8F23CA1DC}.Debug|x86.ActiveCfg = Debug|Win32
		{75089073-F04C-433B-B58C-C1E8F23CA1DC}.Debug|x86.Build.0 = Debug|Win32
		{75089073-F04C-433B-B58C-C1E8F23CA1DC}.Release|Any CPU.ActiveCfg = Debug|Win32
		{75089073-F04C-433B-B58C-C1E8F23CA1DC}.Release|ARM.ActiveCfg = Release|ARM
		{75089073-F04C-433B-B58C-C1E8F23CA1DC}.Release|ARM.Build.0 = Release|ARM
		{75089073-F04C-433B-B58C-C1E8F23CA1DC}.Release|x64.ActiveCfg = Release|x64
		{75089073-F04C-433B-B58C-C1E8F23CA1DC}.Release|x64.Build.0 = Release|x64
		{75089073-F04C-433B-B58C-C1E8F23CA1DC}.Release|x86.ActiveCfg = Release|Win32
		{75089073-F04C-433B-B58C-C1E8F23CA1DC}.Release|x86.Build.0 = Release|Win32
		{1752165B-9B46-4EDE-AC15-5B55BC1E1D2C}.Debug|Any CPU.ActiveCfg = Debug|Win32
		{1752165B-9B46-4EDE-AC15-5B55BC1E1D2C}.Debug|ARM.ActiveCfg = Debug|ARM
		{1752165B-9B46-4EDE-AC15-5B55BC1E1D2C}.Debug|ARM.Build.0 = Debug|ARM
		{1752165B-9B46-4EDE-AC15-5B55BC1E1D2C}.Debug|x64.ActiveCfg = Debug|x64
		{1752165B-9B46-4EDE-AC15-5B55BC1E1D2C}.Debug|x64.Build.0 = Debug|x64
		{1752165B-9B46-4EDE-AC15-5B55BC1E1D2C}.Debug|x86.ActiveCfg = Debug|Win32
		{1752165B-9B46-4EDE-AC15-5B55BC1E1D2C}.Debug|x86.Build.0 = Debug|Win32
		{1752165B-9B46-4EDE-AC15-5B55BC1E1D2C}.Release|Any CPU.ActiveCfg = Debug|Win32
		{1752165B-9B46-4EDE-AC15-5B55BC1E1D2C}.Release|ARM.ActiveCfg = Release|ARM
		{1752165B-9B46-4EDE-AC15-5B55BC1E1D2C}.Release|ARM.Build.0 = Release|ARM
		{1752165B-9B46-4EDE-AC15-5B55BC1E1D2C}.Release|x64.ActiveCfg = Release|x64
		{1752165B-9B46-4EDE-AC15-5B55BC1E1D2C}.Release|x64.Build.0 = Release|x64
		{1752165B-9B46-4EDE-AC15-5B55BC1E1D2C}.Release|x86.ActiveCfg = Release|Win32
		{1752165B-9B46-4EDE-AC15-5B55BC1E1D2C}.Release|x86.Build.0 = Release|Win32
		{A0D179EE-5660-4B1B-B8E0-CF23ED8AFD13}.Debug|Any CPU.ActiveCfg = Debug|Win32
		{A0D179EE-5660-4B1B-B8E0-CF23ED8AFD13}.Debug|ARM.ActiveCfg = Debug|ARM
		{A0D179EE-5660-4B1B-B8E0-CF23ED8AFD13}.Debug|ARM.Build.0 = Debug|ARM
		{A0D179EE-5660-4B1B-B8E0-CF23ED8AFD13}.Debug|x64.ActiveCfg = Debug|x64
		{A0D179EE-5660-4B1B-B8E0-CF23ED8AFD13}.Debug|x64.Build.0 = Debug|x64
		{A0D179EE-5660-4B1B-B8E0-CF23ED8AFD13}.Debug|x86.ActiveCfg = Debug|Win32
		{A0D179EE-5660-4B1B-B8E0-CF23ED8AFD13}.Debug|x86.Build.0 = Debug|Win32
		{A0D179EE-5660-4B1B-B8E0-CF23ED8AFD13}.Release|Any CPU.ActiveCfg = Debug|Win32
		{A0D179EE-5660-4B1B-B8E0-CF23ED8AFD13}.Release|ARM.ActiveCfg = Release|ARM
		{A0D179EE-5660-4B1B-B8E0-CF23ED8AFD13}.Release|ARM.Build.0 = Release|ARM
		{A0D179EE-5660-4B1B-B8E0-CF23ED8AFD13}.Release|x64.ActiveCfg = Release|x64
		{A0D179EE-5660-4B1B-B8E0-CF23ED8AFD13}.Release|x64.Build.0 = Release|x64
		{A0D179EE-5660-4B1B-B8E0-CF23ED8AFD13}.Release|x86.ActiveCfg = Release|Win32
		{A0D179EE-5660-4B1B-B8E0-CF23ED8AFD13}.Release|x86.Build.0 = Release|Win32
		{5800DA9E-4EB4-425C-A563-098029964D33}.Debug|Any CPU.ActiveCfg = Debug|Win32
		{5800DA9E-4EB4-425C-A563-098029964D33}.Debug|ARM.ActiveCfg = Debug|ARM
		{5800DA9E-4EB4-425C-A563-098029964D33}.Debug|ARM.Build.0 = Debug|ARM
		{5800DA9E-4EB4-425C-A563-098029964D33}.Debug|x64.ActiveCfg = Debug|x64
		{5800DA9E-4EB4-425C-A563-098029964D33}.Debug|x64.Build.0 = Debug|x64
		{5800DA9E-4EB4-425C-A563-098029964D33}.Debug|x86.ActiveCfg = Debug|Win32
		{5800DA9E-4EB4-425C-A563-098029964D33}.Debug|x86.Build.0 = Debug|Win32
		{5800DA9E-4EB4-425C-A563-098029964D33}.Release|Any CPU.ActiveCfg = Debug|Win32
		{5800DA9E-4EB4-425C-A563-098029964D33}.Release|ARM.ActiveCfg = Release|ARM
		{5800DA9E-4EB4-425C-A563-098029964D33}.Release|ARM.Build.0 = Release|ARM
		{5800DA9E-4EB4-425C-A563-098029964D33}.Release|x64.ActiveCfg = Release|x64
		{5800DA9E-4EB4-425C-A563-098029964D33}.Release|x64.Build.0 = Release|x64
		{5800DA9E-4EB4-425C-A563-098029964D33}.Release|x86.ActiveCfg = Release|Win32
		{5800DA9E-4EB4-425C-A563-098029964D33}.Release|x86.Build.0 = Release|Win32
	EndGlobalSection
	GlobalSection(SolutionProperties) = preSolution
		HideSolutionNode = FALSE
	EndGlobalSection
	GlobalSection(ExtensibilityGlobals) = postSolution
		SolutionGuid = {CBF08F30-F3AC-4490-944A-179772F65F2D}
	EndGlobalSection
EndGlobal
